
Microsoft Visual Studio Solution File, Format Version 12.00
# Visual Studio 15
VisualStudioVersion = 15.0.27703.2000
MinimumVisualStudioVersion = 10.0.40219.1
Project("{FAE04EC0-301F-11D3-BF4B-00C04F79EFBC}") = "Project4App.Android", "Project4App\Project4App.Android\Project4App.Android.csproj", "{6CFC56D6-753A-450C-B6A4-1C30BDCEE041}"
EndProject
Project("{FAE04EC0-301F-11D3-BF4B-00C04F79EFBC}") = "Project4App.iOS", "Project4App\Project4App.iOS\Project4App.iOS.csproj", "{A75FBCE3-4208-4746-A904-2E62133211C6}"
EndProject
Project("{9A19103F-16F7-4668-BE54-9A1E7A4F7556}") = "Project4App", "Project4App\Project4App\Project4App.csproj", "{149F34B4-07DC-4D5B-BFBE-1000ABB86812}"
EndProject
Project("{FAE04EC0-301F-11D3-BF4B-00C04F79EFBC}") = "DatabaseAssembly", "DatabaseAssembly\DatabaseAssembly.csproj", "{46A39568-3AAE-461B-909A-2F0C95BED408}"
EndProject
Global
	GlobalSection(SolutionConfigurationPlatforms) = preSolution
		Ad-Hoc|Any CPU = Ad-Hoc|Any CPU
		Ad-Hoc|iPhone = Ad-Hoc|iPhone
		Ad-Hoc|iPhoneSimulator = Ad-Hoc|iPhoneSimulator
		AppStore|Any CPU = AppStore|Any CPU
		AppStore|iPhone = AppStore|iPhone
		AppStore|iPhoneSimulator = AppStore|iPhoneSimulator
		Debug|Any CPU = Debug|Any CPU
		Debug|iPhone = Debug|iPhone
		Debug|iPhoneSimulator = Debug|iPhoneSimulator
		Release|Any CPU = Release|Any CPU
		Release|iPhone = Release|iPhone
		Release|iPhoneSimulator = Release|iPhoneSimulator
	EndGlobalSection
	GlobalSection(ProjectConfigurationPlatforms) = postSolution
		{6CFC56D6-753A-450C-B6A4-1C30BDCEE041}.Ad-Hoc|Any CPU.ActiveCfg = Release|Any CPU
		{6CFC56D6-753A-450C-B6A4-1C30BDCEE041}.Ad-Hoc|Any CPU.Build.0 = Release|Any CPU
		{6CFC56D6-753A-450C-B6A4-1C30BDCEE041}.Ad-Hoc|Any CPU.Deploy.0 = Release|Any CPU
		{6CFC56D6-753A-450C-B6A4-1C30BDCEE041}.Ad-Hoc|iPhone.ActiveCfg = Release|Any CPU
		{6CFC56D6-753A-450C-B6A4-1C30BDCEE041}.Ad-Hoc|iPhone.Build.0 = Release|Any CPU
		{6CFC56D6-753A-450C-B6A4-1C30BDCEE041}.Ad-Hoc|iPhone.Deploy.0 = Release|Any CPU
		{6CFC56D6-753A-450C-B6A4-1C30BDCEE041}.Ad-Hoc|iPhoneSimulator.ActiveCfg = Release|Any CPU
		{6CFC56D6-753A-450C-B6A4-1C30BDCEE041}.Ad-Hoc|iPhoneSimulator.Build.0 = Release|Any CPU
		{6CFC56D6-753A-450C-B6A4-1C30BDCEE041}.Ad-Hoc|iPhoneSimulator.Deploy.0 = Release|Any CPU
		{6CFC56D6-753A-450C-B6A4-1C30BDCEE041}.AppStore|Any CPU.ActiveCfg = Release|Any CPU
		{6CFC56D6-753A-450C-B6A4-1C30BDCEE041}.AppStore|Any CPU.Build.0 = Release|Any CPU
		{6CFC56D6-753A-450C-B6A4-1C30BDCEE041}.AppStore|Any CPU.Deploy.0 = Release|Any CPU
		{6CFC56D6-753A-450C-B6A4-1C30BDCEE041}.AppStore|iPhone.ActiveCfg = Release|Any CPU
		{6CFC56D6-753A-450C-B6A4-1C30BDCEE041}.AppStore|iPhone.Build.0 = Release|Any CPU
		{6CFC56D6-753A-450C-B6A4-1C30BDCEE041}.AppStore|iPhone.Deploy.0 = Release|Any CPU
		{6CFC56D6-753A-450C-B6A4-1C30BDCEE041}.AppStore|iPhoneSimulator.ActiveCfg = Release|Any CPU
		{6CFC56D6-753A-450C-B6A4-1C30BDCEE041}.AppStore|iPhoneSimulator.Build.0 = Release|Any CPU
		{6CFC56D6-753A-450C-B6A4-1C30BDCEE041}.AppStore|iPhoneSimulator.Deploy.0 = Release|Any CPU
		{6CFC56D6-753A-450C-B6A4-1C30BDCEE041}.Debug|Any CPU.ActiveCfg = Debug|Any CPU
		{6CFC56D6-753A-450C-B6A4-1C30BDCEE041}.Debug|Any CPU.Build.0 = Debug|Any CPU
		{6CFC56D6-753A-450C-B6A4-1C30BDCEE041}.Debug|Any CPU.Deploy.0 = Debug|Any CPU
		{6CFC56D6-753A-450C-B6A4-1C30BDCEE041}.Debug|iPhone.ActiveCfg = Debug|Any CPU
		{6CFC56D6-753A-450C-B6A4-1C30BDCEE041}.Debug|iPhone.Build.0 = Debug|Any CPU
		{6CFC56D6-753A-450C-B6A4-1C30BDCEE041}.Debug|iPhone.Deploy.0 = Debug|Any CPU
		{6CFC56D6-753A-450C-B6A4-1C30BDCEE041}.Debug|iPhoneSimulator.ActiveCfg = Debug|Any CPU
		{6CFC56D6-753A-450C-B6A4-1C30BDCEE041}.Debug|iPhoneSimulator.Build.0 = Debug|Any CPU
		{6CFC56D6-753A-450C-B6A4-1C30BDCEE041}.Debug|iPhoneSimulator.Deploy.0 = Debug|Any CPU
		{6CFC56D6-753A-450C-B6A4-1C30BDCEE041}.Release|Any CPU.ActiveCfg = Release|Any CPU
		{6CFC56D6-753A-450C-B6A4-1C30BDCEE041}.Release|Any CPU.Build.0 = Release|Any CPU
		{6CFC56D6-753A-450C-B6A4-1C30BDCEE041}.Release|Any CPU.Deploy.0 = Release|Any CPU
		{6CFC56D6-753A-450C-B6A4-1C30BDCEE041}.Release|iPhone.ActiveCfg = Release|Any CPU
		{6CFC56D6-753A-450C-B6A4-1C30BDCEE041}.Release|iPhone.Build.0 = Release|Any CPU
		{6CFC56D6-753A-450C-B6A4-1C30BDCEE041}.Release|iPhone.Deploy.0 = Release|Any CPU
		{6CFC56D6-753A-450C-B6A4-1C30BDCEE041}.Release|iPhoneSimulator.ActiveCfg = Release|Any CPU
		{6CFC56D6-753A-450C-B6A4-1C30BDCEE041}.Release|iPhoneSimulator.Build.0 = Release|Any CPU
		{6CFC56D6-753A-450C-B6A4-1C30BDCEE041}.Release|iPhoneSimulator.Deploy.0 = Release|Any CPU
		{A75FBCE3-4208-4746-A904-2E62133211C6}.Ad-Hoc|Any CPU.ActiveCfg = Ad-Hoc|iPhone
		{A75FBCE3-4208-4746-A904-2E62133211C6}.Ad-Hoc|Any CPU.Build.0 = Ad-Hoc|iPhone
		{A75FBCE3-4208-4746-A904-2E62133211C6}.Ad-Hoc|Any CPU.Deploy.0 = Ad-Hoc|iPhone
		{A75FBCE3-4208-4746-A904-2E62133211C6}.Ad-Hoc|iPhone.ActiveCfg = Ad-Hoc|iPhone
		{A75FBCE3-4208-4746-A904-2E62133211C6}.Ad-Hoc|iPhone.Build.0 = Ad-Hoc|iPhone
		{A75FBCE3-4208-4746-A904-2E62133211C6}.Ad-Hoc|iPhone.Deploy.0 = Ad-Hoc|iPhone
		{A75FBCE3-4208-4746-A904-2E62133211C6}.Ad-Hoc|iPhoneSimulator.ActiveCfg = Ad-Hoc|iPhoneSimulator
		{A75FBCE3-4208-4746-A904-2E62133211C6}.Ad-Hoc|iPhoneSimulator.Build.0 = Ad-Hoc|iPhoneSimulator
		{A75FBCE3-4208-4746-A904-2E62133211C6}.Ad-Hoc|iPhoneSimulator.Deploy.0 = Ad-Hoc|iPhoneSimulator
		{A75FBCE3-4208-4746-A904-2E62133211C6}.AppStore|Any CPU.ActiveCfg = AppStore|iPhone
		{A75FBCE3-4208-4746-A904-2E62133211C6}.AppStore|Any CPU.Build.0 = AppStore|iPhone
		{A75FBCE3-4208-4746-A904-2E62133211C6}.AppStore|Any CPU.Deploy.0 = AppStore|iPhone
		{A75FBCE3-4208-4746-A904-2E62133211C6}.AppStore|iPhone.ActiveCfg = AppStore|iPhone
		{A75FBCE3-4208-4746-A904-2E62133211C6}.AppStore|iPhone.Build.0 = AppStore|iPhone
		{A75FBCE3-4208-4746-A904-2E62133211C6}.AppStore|iPhone.Deploy.0 = AppStore|iPhone
		{A75FBCE3-4208-4746-A904-2E62133211C6}.AppStore|iPhoneSimulator.ActiveCfg = AppStore|iPhoneSimulator
		{A75FBCE3-4208-4746-A904-2E62133211C6}.AppStore|iPhoneSimulator.Build.0 = AppStore|iPhoneSimulator
		{A75FBCE3-4208-4746-A904-2E62133211C6}.AppStore|iPhoneSimulator.Deploy.0 = AppStore|iPhoneSimulator
		{A75FBCE3-4208-4746-A904-2E62133211C6}.Debug|Any CPU.ActiveCfg = Debug|iPhoneSimulator
		{A75FBCE3-4208-4746-A904-2E62133211C6}.Debug|Any CPU.Build.0 = Debug|iPhoneSimulator
		{A75FBCE3-4208-4746-A904-2E62133211C6}.Debug|Any CPU.Deploy.0 = Debug|iPhoneSimulator
		{A75FBCE3-4208-4746-A904-2E62133211C6}.Debug|iPhone.ActiveCfg = Debug|iPhone
		{A75FBCE3-4208-4746-A904-2E62133211C6}.Debug|iPhone.Build.0 = Debug|iPhone
		{A75FBCE3-4208-4746-A904-2E62133211C6}.Debug|iPhone.Deploy.0 = Debug|iPhone
		{A75FBCE3-4208-4746-A904-2E62133211C6}.Debug|iPhoneSimulator.ActiveCfg = Debug|iPhoneSimulator
		{A75FBCE3-4208-4746-A904-2E62133211C6}.Debug|iPhoneSimulator.Build.0 = Debug|iPhoneSimulator
		{A75FBCE3-4208-4746-A904-2E62133211C6}.Debug|iPhoneSimulator.Deploy.0 = Debug|iPhoneSimulator
		{A75FBCE3-4208-4746-A904-2E62133211C6}.Release|Any CPU.ActiveCfg = Release|iPhone
		{A75FBCE3-4208-4746-A904-2E62133211C6}.Release|Any CPU.Build.0 = Release|iPhone
		{A75FBCE3-4208-4746-A904-2E62133211C6}.Release|Any CPU.Deploy.0 = Release|iPhone
		{A75FBCE3-4208-4746-A904-2E62133211C6}.Release|iPhone.ActiveCfg = Release|iPhone
		{A75FBCE3-4208-4746-A904-2E62133211C6}.Release|iPhone.Build.0 = Release|iPhone
		{A75FBCE3-4208-4746-A904-2E62133211C6}.Release|iPhone.Deploy.0 = Release|iPhone
		{A75FBCE3-4208-4746-A904-2E62133211C6}.Release|iPhoneSimulator.ActiveCfg = Release|iPhoneSimulator
		{A75FBCE3-4208-4746-A904-2E62133211C6}.Release|iPhoneSimulator.Build.0 = Release|iPhoneSimulator
		{A75FBCE3-4208-4746-A904-2E62133211C6}.Release|iPhoneSimulator.Deploy.0 = Release|iPhoneSimulator
		{149F34B4-07DC-4D5B-BFBE-1000ABB86812}.Ad-Hoc|Any CPU.ActiveCfg = Debug|Any CPU
		{149F34B4-07DC-4D5B-BFBE-1000ABB86812}.Ad-Hoc|Any CPU.Build.0 = Debug|Any CPU
		{149F34B4-07DC-4D5B-BFBE-1000ABB86812}.Ad-Hoc|Any CPU.Deploy.0 = Debug|Any CPU
		{149F34B4-07DC-4D5B-BFBE-1000ABB86812}.Ad-Hoc|iPhone.ActiveCfg = Debug|Any CPU
		{149F34B4-07DC-4D5B-BFBE-1000ABB86812}.Ad-Hoc|iPhone.Build.0 = Debug|Any CPU
		{149F34B4-07DC-4D5B-BFBE-1000ABB86812}.Ad-Hoc|iPhone.Deploy.0 = Debug|Any CPU
		{149F34B4-07DC-4D5B-BFBE-1000ABB86812}.Ad-Hoc|iPhoneSimulator.ActiveCfg = Debug|Any CPU
		{149F34B4-07DC-4D5B-BFBE-1000ABB86812}.Ad-Hoc|iPhoneSimulator.Build.0 = Debug|Any CPU
		{149F34B4-07DC-4D5B-BFBE-1000ABB86812}.Ad-Hoc|iPhoneSimulator.Deploy.0 = Debug|Any CPU
		{149F34B4-07DC-4D5B-BFBE-1000ABB86812}.AppStore|Any CPU.ActiveCfg = Debug|Any CPU
		{149F34B4-07DC-4D5B-BFBE-1000ABB86812}.AppStore|Any CPU.Build.0 = Debug|Any CPU
		{149F34B4-07DC-4D5B-BFBE-1000ABB86812}.AppStore|Any CPU.Deploy.0 = Debug|Any CPU
		{149F34B4-07DC-4D5B-BFBE-1000ABB86812}.AppStore|iPhone.ActiveCfg = Debug|Any CPU
		{149F34B4-07DC-4D5B-BFBE-1000ABB86812}.AppStore|iPhone.Build.0 = Debug|Any CPU
		{149F34B4-07DC-4D5B-BFBE-1000ABB86812}.AppStore|iPhone.Deploy.0 = Debug|Any CPU
		{149F34B4-07DC-4D5B-BFBE-1000ABB86812}.AppStore|iPhoneSimulator.ActiveCfg = Debug|Any CPU
		{149F34B4-07DC-4D5B-BFBE-1000ABB86812}.AppStore|iPhoneSimulator.Build.0 = Debug|Any CPU
		{149F34B4-07DC-4D5B-BFBE-1000ABB86812}.AppStore|iPhoneSimulator.Deploy.0 = Debug|Any CPU
		{149F34B4-07DC-4D5B-BFBE-1000ABB86812}.Debug|Any CPU.ActiveCfg = Debug|Any CPU
		{149F34B4-07DC-4D5B-BFBE-1000ABB86812}.Debug|Any CPU.Build.0 = Debug|Any CPU
		{149F34B4-07DC-4D5B-BFBE-1000ABB86812}.Debug|Any CPU.Deploy.0 = Debug|Any CPU
		{149F34B4-07DC-4D5B-BFBE-1000ABB86812}.Debug|iPhone.ActiveCfg = Debug|Any CPU
		{149F34B4-07DC-4D5B-BFBE-1000ABB86812}.Debug|iPhone.Build.0 = Debug|Any CPU
		{149F34B4-07DC-4D5B-BFBE-1000ABB86812}.Debug|iPhone.Deploy.0 = Debug|Any CPU
		{149F34B4-07DC-4D5B-BFBE-1000ABB86812}.Debug|iPhoneSimulator.ActiveCfg = Debug|Any CPU
		{149F34B4-07DC-4D5B-BFBE-1000ABB86812}.Debug|iPhoneSimulator.Build.0 = Debug|Any CPU
		{149F34B4-07DC-4D5B-BFBE-1000ABB86812}.Debug|iPhoneSimulator.Deploy.0 = Debug|Any CPU
		{149F34B4-07DC-4D5B-BFBE-1000ABB86812}.Release|Any CPU.ActiveCfg = Release|Any CPU
		{149F34B4-07DC-4D5B-BFBE-1000ABB86812}.Release|Any CPU.Build.0 = Release|Any CPU
		{149F34B4-07DC-4D5B-BFBE-1000ABB86812}.Release|Any CPU.Deploy.0 = Release|Any CPU
		{149F34B4-07DC-4D5B-BFBE-1000ABB86812}.Release|iPhone.ActiveCfg = Release|Any CPU
		{149F34B4-07DC-4D5B-BFBE-1000ABB86812}.Release|iPhone.Build.0 = Release|Any CPU
		{149F34B4-07DC-4D5B-BFBE-1000ABB86812}.Release|iPhone.Deploy.0 = Release|Any CPU
		{149F34B4-07DC-4D5B-BFBE-1000ABB86812}.Release|iPhoneSimulator.ActiveCfg = Release|Any CPU
		{149F34B4-07DC-4D5B-BFBE-1000ABB86812}.Release|iPhoneSimulator.Build.0 = Release|Any CPU
		{149F34B4-07DC-4D5B-BFBE-1000ABB86812}.Release|iPhoneSimulator.Deploy.0 = Release|Any CPU
		{46A39568-3AAE-461B-909A-2F0C95BED408}.Ad-Hoc|Any CPU.ActiveCfg = Debug|Any CPU
		{46A39568-3AAE-461B-909A-2F0C95BED408}.Ad-Hoc|Any CPU.Build.0 = Debug|Any CPU
		{46A39568-3AAE-461B-909A-2F0C95BED408}.Ad-Hoc|iPhone.ActiveCfg = Debug|Any CPU
		{46A39568-3AAE-461B-909A-2F0C95BED408}.Ad-Hoc|iPhone.Build.0 = Debug|Any CPU
		{46A39568-3AAE-461B-909A-2F0C95BED408}.Ad-Hoc|iPhoneSimulator.ActiveCfg = Debug|Any CPU
		{46A39568-3AAE-461B-909A-2F0C95BED408}.Ad-Hoc|iPhoneSimulator.Build.0 = Debug|Any CPU
		{46A39568-3AAE-461B-909A-2F0C95BED408}.AppStore|Any CPU.ActiveCfg = Debug|Any CPU
		{46A39568-3AAE-461B-909A-2F0C95BED408}.AppStore|Any CPU.Build.0 = Debug|Any CPU
		{46A39568-3AAE-461B-909A-2F0C95BED408}.AppStore|iPhone.ActiveCfg = Debug|Any CPU
		{46A39568-3AAE-461B-909A-2F0C95BED408}.AppStore|iPhone.Build.0 = Debug|Any CPU
		{46A39568-3AAE-461B-909A-2F0C95BED408}.AppStore|iPhoneSimulator.ActiveCfg = Debug|Any CPU
		{46A39568-3AAE-461B-909A-2F0C95BED408}.AppStore|iPhoneSimulator.Build.0 = Debug|Any CPU
		{46A39568-3AAE-461B-909A-2F0C95BED408}.Debug|Any CPU.ActiveCfg = Debug|Any CPU
		{46A39568-3AAE-461B-909A-2F0C95BED408}.Debug|Any CPU.Build.0 = Debug|Any CPU
		{46A39568-3AAE-461B-909A-2F0C95BED408}.Debug|iPhone.ActiveCfg = Debug|Any CPU
		{46A39568-3AAE-461B-909A-2F0C95BED408}.Debug|iPhone.Build.0 = Debug|Any CPU
		{46A39568-3AAE-461B-909A-2F0C95BED408}.Debug|iPhoneSimulator.ActiveCfg = Debug|Any CPU
		{46A39568-3AAE-461B-909A-2F0C95BED408}.Debug|iPhoneSimulator.Build.0 = Debug|Any CPU
		{46A39568-3AAE-461B-909A-2F0C95BED408}.Release|Any CPU.ActiveCfg = Release|Any CPU
		{46A39568-3AAE-461B-909A-2F0C95BED408}.Release|Any CPU.Build.0 = Release|Any CPU
		{46A39568-3AAE-461B-909A-2F0C95BED408}.Release|iPhone.ActiveCfg = Release|Any CPU
		{46A39568-3AAE-461B-909A-2F0C95BED408}.Release|iPhone.Build.0 = Release|Any CPU
		{46A39568-3AAE-461B-909A-2F0C95BED408}.Release|iPhoneSimulator.ActiveCfg = Release|Any CPU
		{46A39568-3AAE-461B-909A-2F0C95BED408}.Release|iPhoneSimulator.Build.0 = Release|Any CPU
	EndGlobalSection
	GlobalSection(SolutionProperties) = preSolution
		HideSolutionNode = FALSE
	EndGlobalSection
	GlobalSection(ExtensibilityGlobals) = postSolution
		SolutionGuid = {119F7716-1342-4030-98E2-AF86949EC71C}
	EndGlobalSection
EndGlobal
